Microsoft Visual Studio Solution File, Format Version 12.00
# Visual Studio 15
VisualStudioVersion = 15.0.28010.2026
MinimumVisualStudioVersion = 10.0.40219.1
Project("{FAE04EC0-301F-11D3-BF4B-00C04F79EFBC}") = "stbchecker", "stbchecker.csproj", "{BA902FC8-E936-44AA-9C88-57D358BBB700}"
EndProject
Global
	GlobalSection(SolutionConfigurationPlatforms) = preSolution
		Debug|Any CPU = Debug|Any CPU
		Release|Any CPU = Release|Any CPU
	EndGlobalSection
	GlobalSection(ProjectConfigurationPlatforms) = postSolution
		{BA902FC8-E936-44AA-9C88-57D358BBB700}.Debug|Any CPU.ActiveCfg = Debug|Any CPU
		{BA902FC8-E936-44AA-9C88-57D358BBB700}.Debug|Any CPU.Build.0 = Debug|Any CPU
		{BA902FC8-E936-44AA-9C88-57D358BBB700}.Release|Any CPU.ActiveCfg = Release|Any CPU
		{BA902FC8-E936-44AA-9C88-57D358BBB700}.Release|Any CPU.Build.0 = Release|Any CPU
	EndGlobalSection
	GlobalSection(SolutionProperties) = preSolution
		HideSolutionNode = FALSE
	EndGlobalSection
	GlobalSection(ExtensibilityGlobals) = postSolution
		SolutionGuid = {AD05DECC-E457-42C1-B8AC-46F021023817}
	EndGlobalSection
EndGlobal
