
Microsoft Visual Studio Solution File, Format Version 12.00
# Visual Studio Version 17
VisualStudioVersion = 17.2.32526.322
MinimumVisualStudioVersion = 10.0.40219.1
Project("{8BC9CEB8-8B4A-11D0-8D11-00A0C91BC942}") = "PenCoreRes", "PenCoreRes.vcxproj", "{598EA8A5-2E5D-4AFF-9F84-DB3513351272}"
EndProject
Global
	GlobalSection(SolutionConfigurationPlatforms) = preSolution
		Debug|x64 = Debug|x64
		Debug|x86 = Debug|x86
		Release|x64 = Release|x64
		Release|x86 = Release|x86
	EndGlobalSection
	GlobalSection(ProjectConfigurationPlatforms) = postSolution
		{598EA8A5-2E5D-4AFF-9F84-DB3513351272}.Debug|x64.ActiveCfg = Debug|x64
		{598EA8A5-2E5D-4AFF-9F84-DB3513351272}.Debug|x64.Build.0 = Debug|x64
		{598EA8A5-2E5D-4AFF-9F84-DB3513351272}.Debug|x86.ActiveCfg = Debug|Win32
		{598EA8A5-2E5D-4AFF-9F84-DB3513351272}.Debug|x86.Build.0 = Debug|Win32
		{598EA8A5-2E5D-4AFF-9F84-DB3513351272}.Release|x64.ActiveCfg = Release|x64
		{598EA8A5-2E5D-4AFF-9F84-DB3513351272}.Release|x64.Build.0 = Release|x64
		{598EA8A5-2E5D-4AFF-9F84-DB3513351272}.Release|x86.ActiveCfg = Release|Win32
		{598EA8A5-2E5D-4AFF-9F84-DB3513351272}.Release|x86.Build.0 = Release|Win32
	EndGlobalSection
	GlobalSection(SolutionProperties) = preSolution
		HideSolutionNode = FALSE
	EndGlobalSection
	GlobalSection(ExtensibilityGlobals) = postSolution
		SolutionGuid = {698B39C3-1B06-42A3-A365-FEA4FC5DBFCF}
	EndGlobalSection
EndGlobal
