
Microsoft Visual Studio Solution File, Format Version 10.00
# Visual Studio 2008
Project("{2150E333-8FDC-42A3-9474-1A3956D46DE8}") = "SolutionFiles", "SolutionFiles", "{C17FED94-2864-4C4A-8A8F-80555FEEB5E3}"
	ProjectSection(SolutionItems) = preProject
		GlobalConst.h = GlobalConst.h
	EndProjectSection
EndProject
Project("{2150E333-8FDC-42A3-9474-1A3956D46DE8}") = "bin", "bin", "{140CBADC-7522-4B52-B06A-A4781A9C9DF2}"
	ProjectSection(SolutionItems) = preProject
		bin\custom.ini = bin\custom.ini
	EndProjectSection
EndProject
Project("{2150E333-8FDC-42A3-9474-1A3956D46DE8}") = "hamcore", "hamcore", "{234994FD-5966-4CFE-AC38-960DE089FBED}"
	ProjectSection(SolutionItems) = preProject
		bin\hamcore\lang.config = bin\hamcore\lang.config
		bin\hamcore\strtable_cn.stb = bin\hamcore\strtable_cn.stb
		bin\hamcore\strtable_en.stb = bin\hamcore\strtable_en.stb
		bin\hamcore\strtable_ja.stb = bin\hamcore\strtable_ja.stb
		bin\hamcore\time.htm = bin\hamcore\time.htm
		bin\hamcore\vpn16.exe = bin\hamcore\vpn16.exe
	EndProjectSection
EndProject
Project("{2150E333-8FDC-42A3-9474-1A3956D46DE8}") = "BuildFiles", "BuildFiles", "{ECFF92D4-8F03-4DDF-ACEF-9A68589BC282}"
EndProject
Project("{2150E333-8FDC-42A3-9474-1A3956D46DE8}") = "Library", "Library", "{90A585CD-2B00-47F3-8F65-FE091B154AB3}"
EndProject
Project("{2150E333-8FDC-42A3-9474-1A3956D46DE8}") = "Win32_Debug", "Win32_Debug", "{979EF6E9-A263-4E9B-964C-DE72344DFB13}"
	ProjectSection(SolutionItems) = preProject
		BuildFiles\Library\Win32_Debug\libeay32.lib = BuildFiles\Library\Win32_Debug\libeay32.lib
		BuildFiles\Library\Win32_Debug\ssleay32.lib = BuildFiles\Library\Win32_Debug\ssleay32.lib
		BuildFiles\Library\Win32_Debug\zlib.lib = BuildFiles\Library\Win32_Debug\zlib.lib
	EndProjectSection
EndProject
Project("{2150E333-8FDC-42A3-9474-1A3956D46DE8}") = "Win32_Release", "Win32_Release", "{7DE9E590-6189-4570-A451-2584E655A539}"
	ProjectSection(SolutionItems) = preProject
		BuildFiles\Library\Win32_Release\libeay32.lib = BuildFiles\Library\Win32_Release\libeay32.lib
		BuildFiles\Library\Win32_Release\ssleay32.lib = BuildFiles\Library\Win32_Release\ssleay32.lib
		BuildFiles\Library\Win32_Release\zlib.lib = BuildFiles\Library\Win32_Release\zlib.lib
	EndProjectSection
EndProject
Project("{2150E333-8FDC-42A3-9474-1A3956D46DE8}") = "x64_Debug", "x64_Debug", "{696A5B66-04A7-4CE8-A31C-E05026846B5C}"
	ProjectSection(SolutionItems) = preProject
		BuildFiles\Library\x64_Debug\libeay32.lib = BuildFiles\Library\x64_Debug\libeay32.lib
		BuildFiles\Library\x64_Debug\ssleay32.lib = BuildFiles\Library\x64_Debug\ssleay32.lib
		BuildFiles\Library\x64_Debug\zlib.lib = BuildFiles\Library\x64_Debug\zlib.lib
	EndProjectSection
EndProject
Project("{2150E333-8FDC-42A3-9474-1A3956D46DE8}") = "x64_Release", "x64_Release", "{1AFACDF7-7ECE-42D3-A3BD-563025F247D7}"
	ProjectSection(SolutionItems) = preProject
		BuildFiles\Library\x64_Release\libeay32.lib = BuildFiles\Library\x64_Release\libeay32.lib
		BuildFiles\Library\x64_Release\ssleay32.lib = BuildFiles\Library\x64_Release\ssleay32.lib
		BuildFiles\Library\x64_Release\zlib.lib = BuildFiles\Library\x64_Release\zlib.lib
	EndProjectSection
EndProject
Project("{8BC9CEB8-8B4A-11D0-8D11-00A0C91BC942}") = "Neo", "Neo\Neo.vcproj", "{D302D5D9-A3B7-4D2E-98BF-3BB305BAE43F}"
	ProjectSection(ProjectDependencies) = postProject
		{384815C3-333C-4CEC-9DCD-B6AB2602EBB9} = {384815C3-333C-4CEC-9DCD-B6AB2602EBB9}
	EndProjectSection
EndProject
Project("{8BC9CEB8-8B4A-11D0-8D11-00A0C91BC942}") = "See", "See\See.vcproj", "{D817977C-481C-4575-B229-DD2896EDF6C9}"
	ProjectSection(ProjectDependencies) = postProject
		{384815C3-333C-4CEC-9DCD-B6AB2602EBB9} = {384815C3-333C-4CEC-9DCD-B6AB2602EBB9}
	EndProjectSection
EndProject
Project("{8BC9CEB8-8B4A-11D0-8D11-00A0C91BC942}") = "SeeDll", "SeeDll\SeeDll.vcproj", "{B75C0F74-0FE6-4BD4-8E54-F8383C58CB69}"
	ProjectSection(ProjectDependencies) = postProject
		{D817977C-481C-4575-B229-DD2896EDF6C9} = {D817977C-481C-4575-B229-DD2896EDF6C9}
		{384815C3-333C-4CEC-9DCD-B6AB2602EBB9} = {384815C3-333C-4CEC-9DCD-B6AB2602EBB9}
		{94CA5DD2-1543-42F6-9F96-EE7694DDC837} = {94CA5DD2-1543-42F6-9F96-EE7694DDC837}
	EndProjectSection
EndProject
Project("{8BC9CEB8-8B4A-11D0-8D11-00A0C91BC942}") = "PenCore", "PenCore\PenCore.vcproj", "{AF16335D-DBC2-4879-9E9A-89E2A61A4B30}"
	ProjectSection(ProjectDependencies) = postProject
		{384815C3-333C-4CEC-9DCD-B6AB2602EBB9} = {384815C3-333C-4CEC-9DCD-B6AB2602EBB9}
	EndProjectSection
EndProject
Project("{8BC9CEB8-8B4A-11D0-8D11-00A0C91BC942}") = "Mayaqua", "Mayaqua\Mayaqua.vcproj", "{70486335-7814-40E2-A561-BBCB6025F5C9}"
	ProjectSection(ProjectDependencies) = postProject
		{384815C3-333C-4CEC-9DCD-B6AB2602EBB9} = {384815C3-333C-4CEC-9DCD-B6AB2602EBB9}
	EndProjectSection
EndProject
Project("{8BC9CEB8-8B4A-11D0-8D11-00A0C91BC942}") = "Cedar", "Cedar\Cedar.vcproj", "{2928D768-DEC3-40D3-8E51-26E364497C9B}"
	ProjectSection(ProjectDependencies) = postProject
		{70486335-7814-40E2-A561-BBCB6025F5C9} = {70486335-7814-40E2-A561-BBCB6025F5C9}
		{AF16335D-DBC2-4879-9E9A-89E2A61A4B30} = {AF16335D-DBC2-4879-9E9A-89E2A61A4B30}
		{F7679B65-2FEC-469A-8BAC-B07BF4439422} = {F7679B65-2FEC-469A-8BAC-B07BF4439422}
		{B75C0F74-0FE6-4BD4-8E54-F8383C58CB69} = {B75C0F74-0FE6-4BD4-8E54-F8383C58CB69}
		{717B8D7F-9C93-4713-9A23-8CE70A31FD39} = {717B8D7F-9C93-4713-9A23-8CE70A31FD39}
		{384815C3-333C-4CEC-9DCD-B6AB2602EBB9} = {384815C3-333C-4CEC-9DCD-B6AB2602EBB9}
	EndProjectSection
EndProject
Project("{8BC9CEB8-8B4A-11D0-8D11-00A0C91BC942}") = "Ham", "Ham\Ham.vcproj", "{1ED5782B-1734-4FC6-AA9E-F7181CDBA8A7}"
	ProjectSection(ProjectDependencies) = postProject
		{DB2A0C4F-D685-41DD-91BA-06E9EEA381CF} = {DB2A0C4F-D685-41DD-91BA-06E9EEA381CF}
		{2928D768-DEC3-40D3-8E51-26E364497C9B} = {2928D768-DEC3-40D3-8E51-26E364497C9B}
		{384815C3-333C-4CEC-9DCD-B6AB2602EBB9} = {384815C3-333C-4CEC-9DCD-B6AB2602EBB9}
	EndProjectSection
EndProject
Project("{8BC9CEB8-8B4A-11D0-8D11-00A0C91BC942}") = "vpncmd", "vpncmd\vpncmd.vcproj", "{83438AC3-5329-4337-89BC-5B69EBAE4B6E}"
	ProjectSection(ProjectDependencies) = postProject
		{2928D768-DEC3-40D3-8E51-26E364497C9B} = {2928D768-DEC3-40D3-8E51-26E364497C9B}
	EndProjectSection
EndProject
Project("{8BC9CEB8-8B4A-11D0-8D11-00A0C91BC942}") = "vpncmdsys", "vpncmdsys\vpncmdsys.vcproj", "{78CD48D9-0B4B-43B1-A1D1-E079362B6864}"
EndProject
Project("{8BC9CEB8-8B4A-11D0-8D11-00A0C91BC942}") = "vpnbrand", "vpnbrand\vpnbrand.vcproj", "{ABAB0B91-91DD-4FF4-9773-18B37A820B9F}"
	ProjectSection(ProjectDependencies) = postProject
		{2928D768-DEC3-40D3-8E51-26E364497C9B} = {2928D768-DEC3-40D3-8E51-26E364497C9B}
	EndProjectSection
EndProject
Project("{8BC9CEB8-8B4A-11D0-8D11-00A0C91BC942}") = "vpnbridge", "vpnbridge\vpnbridge.vcproj", "{BA0DBC31-5BBF-41BF-A2DB-7B6F3F71E919}"
	ProjectSection(ProjectDependencies) = postProject
		{DB2A0C4F-D685-41DD-91BA-06E9EEA381CF} = {DB2A0C4F-D685-41DD-91BA-06E9EEA381CF}
		{2928D768-DEC3-40D3-8E51-26E364497C9B} = {2928D768-DEC3-40D3-8E51-26E364497C9B}
	EndProjectSection
EndProject
Project("{8BC9CEB8-8B4A-11D0-8D11-00A0C91BC942}") = "vpncmgr", "vpncmgr\vpncmgr.vcproj", "{92B04960-1AA9-4A7A-B75C-1403046F25B3}"
	ProjectSection(ProjectDependencies) = postProject
		{2928D768-DEC3-40D3-8E51-26E364497C9B} = {2928D768-DEC3-40D3-8E51-26E364497C9B}
	EndProjectSection
EndProject
Project("{8BC9CEB8-8B4A-11D0-8D11-00A0C91BC942}") = "vpnclient", "vpnclient\vpnclient.vcproj", "{D7216F25-434B-45D3-BA48-6772AF997C84}"
	ProjectSection(ProjectDependencies) = postProject
		{DB2A0C4F-D685-41DD-91BA-06E9EEA381CF} = {DB2A0C4F-D685-41DD-91BA-06E9EEA381CF}
		{2928D768-DEC3-40D3-8E51-26E364497C9B} = {2928D768-DEC3-40D3-8E51-26E364497C9B}
	EndProjectSection
EndProject
Project("{8BC9CEB8-8B4A-11D0-8D11-00A0C91BC942}") = "vpnserver", "vpnserver\vpnserver.vcproj", "{7CF21BD6-659F-449C-91CB-CE52AABAD22D}"
	ProjectSection(ProjectDependencies) = postProject
		{DB2A0C4F-D685-41DD-91BA-06E9EEA381CF} = {DB2A0C4F-D685-41DD-91BA-06E9EEA381CF}
		{2928D768-DEC3-40D3-8E51-26E364497C9B} = {2928D768-DEC3-40D3-8E51-26E364497C9B}
	EndProjectSection
EndProject
Project("{8BC9CEB8-8B4A-11D0-8D11-00A0C91BC942}") = "vpnsmgr", "vpnsmgr\vpnsmgr.vcproj", "{A4DC7ACC-9FED-418F-92B2-6BE3EF39DC86}"
	ProjectSection(ProjectDependencies) = postProject
		{DB2A0C4F-D685-41DD-91BA-06E9EEA381CF} = {DB2A0C4F-D685-41DD-91BA-06E9EEA381CF}
		{2928D768-DEC3-40D3-8E51-26E364497C9B} = {2928D768-DEC3-40D3-8E51-26E364497C9B}
	EndProjectSection
EndProject
Project("{2150E333-8FDC-42A3-9474-1A3956D46DE8}") = "Utility", "Utility", "{F5F7EE7B-3207-4ACD-804B-1423BCB25285}"
EndProject
Project("{FAE04EC0-301F-11D3-BF4B-00C04F79EFBC}") = "BuildUtil", "BuildUtil\BuildUtil.csproj", "{384815C3-333C-4CEC-9DCD-B6AB2602EBB9}"
EndProject
Project("{8BC9CEB8-8B4A-11D0-8D11-00A0C91BC942}") = "vpndrvinst", "vpndrvinst\vpndrvinst.vcproj", "{CF2B20BF-9799-40EF-A987-9E4C25E68E1C}"
	ProjectSection(ProjectDependencies) = postProject
		{2928D768-DEC3-40D3-8E51-26E364497C9B} = {2928D768-DEC3-40D3-8E51-26E364497C9B}
		{384815C3-333C-4CEC-9DCD-B6AB2602EBB9} = {384815C3-333C-4CEC-9DCD-B6AB2602EBB9}
	EndProjectSection
EndProject
Project("{8BC9CEB8-8B4A-11D0-8D11-00A0C91BC942}") = "vpninstall", "vpninstall\vpninstall.vcproj", "{F2C40D5C-1C86-43D8-B3FE-8E8F8B488432}"
	ProjectSection(ProjectDependencies) = postProject
		{2928D768-DEC3-40D3-8E51-26E364497C9B} = {2928D768-DEC3-40D3-8E51-26E364497C9B}
		{384815C3-333C-4CEC-9DCD-B6AB2602EBB9} = {384815C3-333C-4CEC-9DCD-B6AB2602EBB9}
	EndProjectSection
EndProject
Project("{8BC9CEB8-8B4A-11D0-8D11-00A0C91BC942}") = "vpnweb", "vpnweb\vpnweb.vcproj", "{1F58A797-A861-4256-9262-CE97B923016B}"
EndProject
Project("{8BC9CEB8-8B4A-11D0-8D11-00A0C91BC942}") = "Wfp", "Wfp\Wfp.vcproj", "{717B8D7F-9C93-4713-9A23-8CE70A31FD39}"
	ProjectSection(ProjectDependencies) = postProject
		{384815C3-333C-4CEC-9DCD-B6AB2602EBB9} = {384815C3-333C-4CEC-9DCD-B6AB2602EBB9}
	EndProjectSection
EndProject
Project("{8BC9CEB8-8B4A-11D0-8D11-00A0C91BC942}") = "vpnsetup", "vpnsetup\vpnsetup.vcproj", "{58FEB572-E43A-439E-9A2C-E19DE3CB1401}"
	ProjectSection(ProjectDependencies) = postProject
		{2928D768-DEC3-40D3-8E51-26E364497C9B} = {2928D768-DEC3-40D3-8E51-26E364497C9B}
	EndProjectSection
EndProject
Project("{8BC9CEB8-8B4A-11D0-8D11-00A0C91BC942}") = "Neo6", "Neo6\Neo6.vcproj", "{F7679B65-2FEC-469A-8BAC-B07BF4439422}"
	ProjectSection(ProjectDependencies) = postProject
		{384815C3-333C-4CEC-9DCD-B6AB2602EBB9} = {384815C3-333C-4CEC-9DCD-B6AB2602EBB9}
		{D302D5D9-A3B7-4D2E-98BF-3BB305BAE43F} = {D302D5D9-A3B7-4D2E-98BF-3BB305BAE43F}
	EndProjectSection
EndProject
Project("{8BC9CEB8-8B4A-11D0-8D11-00A0C91BC942}") = "SeLow", "SeLow\SeLow.vcproj", "{94CA5DD2-1543-42F6-9F96-EE7694DDC837}"
	ProjectSection(ProjectDependencies) = postProject
		{384815C3-333C-4CEC-9DCD-B6AB2602EBB9} = {384815C3-333C-4CEC-9DCD-B6AB2602EBB9}
	EndProjectSection
EndProject
Project("{8BC9CEB8-8B4A-11D0-8D11-00A0C91BC942}") = "VGate", "VGate\VGate.vcproj", "{DB2A0C4F-D685-41DD-91BA-06E9EEA381CF}"
	ProjectSection(ProjectDependencies) = postProject
		{2928D768-DEC3-40D3-8E51-26E364497C9B} = {2928D768-DEC3-40D3-8E51-26E364497C9B}
	EndProjectSection
EndProject
Global
	GlobalSection(SolutionConfigurationPlatforms) = preSolution
		Debug|Win32 = Debug|Win32
		Debug|x64 = Debug|x64
		Release|Win32 = Release|Win32
		Release|x64 = Release|x64
	EndGlobalSection
	GlobalSection(ProjectConfigurationPlatforms) = postSolution
		{D302D5D9-A3B7-4D2E-98BF-3BB305BAE43F}.Debug|Win32.ActiveCfg = Release|Win32
		{D302D5D9-A3B7-4D2E-98BF-3BB305BAE43F}.Debug|x64.ActiveCfg = Release|x64
		{D302D5D9-A3B7-4D2E-98BF-3BB305BAE43F}.Release|Win32.ActiveCfg = Release|Win32
		{D302D5D9-A3B7-4D2E-98BF-3BB305BAE43F}.Release|x64.ActiveCfg = Release|x64
		{D817977C-481C-4575-B229-DD2896EDF6C9}.Debug|Win32.ActiveCfg = Release|Win32
		{D817977C-481C-4575-B229-DD2896EDF6C9}.Debug|x64.ActiveCfg = Release|x64
		{D817977C-481C-4575-B229-DD2896EDF6C9}.Release|Win32.ActiveCfg = Release|Win32
		{D817977C-481C-4575-B229-DD2896EDF6C9}.Release|x64.ActiveCfg = Release|x64
		{B75C0F74-0FE6-4BD4-8E54-F8383C58CB69}.Debug|Win32.ActiveCfg = Release|Win32
		{B75C0F74-0FE6-4BD4-8E54-F8383C58CB69}.Debug|Win32.Build.0 = Release|Win32
		{B75C0F74-0FE6-4BD4-8E54-F8383C58CB69}.Debug|x64.ActiveCfg = Release|x64
		{B75C0F74-0FE6-4BD4-8E54-F8383C58CB69}.Debug|x64.Build.0 = Release|x64
		{B75C0F74-0FE6-4BD4-8E54-F8383C58CB69}.Release|Win32.ActiveCfg = Release|Win32
		{B75C0F74-0FE6-4BD4-8E54-F8383C58CB69}.Release|Win32.Build.0 = Release|Win32
		{B75C0F74-0FE6-4BD4-8E54-F8383C58CB69}.Release|x64.ActiveCfg = Release|x64
		{B75C0F74-0FE6-4BD4-8E54-F8383C58CB69}.Release|x64.Build.0 = Release|x64
		{AF16335D-DBC2-4879-9E9A-89E2A61A4B30}.Debug|Win32.ActiveCfg = Release|Win32
		{AF16335D-DBC2-4879-9E9A-89E2A61A4B30}.Debug|Win32.Build.0 = Release|Win32
		{AF16335D-DBC2-4879-9E9A-89E2A61A4B30}.Debug|x64.ActiveCfg = Release|Win32
		{AF16335D-DBC2-4879-9E9A-89E2A61A4B30}.Debug|x64.Build.0 = Release|Win32
		{AF16335D-DBC2-4879-9E9A-89E2A61A4B30}.Release|Win32.ActiveCfg = Release|Win32
		{AF16335D-DBC2-4879-9E9A-89E2A61A4B30}.Release|Win32.Build.0 = Release|Win32
		{AF16335D-DBC2-4879-9E9A-89E2A61A4B30}.Release|x64.ActiveCfg = Release|Win32
		{AF16335D-DBC2-4879-9E9A-89E2A61A4B30}.Release|x64.Build.0 = Release|Win32
		{70486335-7814-40E2-A561-BBCB6025F5C9}.Debug|Win32.ActiveCfg = Debug|Win32
		{70486335-7814-40E2-A561-BBCB6025F5C9}.Debug|Win32.Build.0 = Debug|Win32
		{70486335-7814-40E2-A561-BBCB6025F5C9}.Debug|x64.ActiveCfg = Debug|x64
		{70486335-7814-40E2-A561-BBCB6025F5C9}.Debug|x64.Build.0 = Debug|x64
		{70486335-7814-40E2-A561-BBCB6025F5C9}.Release|Win32.ActiveCfg = Release|Win32
		{70486335-7814-40E2-A561-BBCB6025F5C9}.Release|Win32.Build.0 = Release|Win32
		{70486335-7814-40E2-A561-BBCB6025F5C9}.Release|x64.ActiveCfg = Release|x64
		{70486335-7814-40E2-A561-BBCB6025F5C9}.Release|x64.Build.0 = Release|x64
		{2928D768-DEC3-40D3-8E51-26E364497C9B}.Debug|Win32.ActiveCfg = Debug|Win32
		{2928D768-DEC3-40D3-8E51-26E364497C9B}.Debug|Win32.Build.0 = Debug|Win32
		{2928D768-DEC3-40D3-8E51-26E364497C9B}.Debug|x64.ActiveCfg = Debug|x64
		{2928D768-DEC3-40D3-8E51-26E364497C9B}.Debug|x64.Build.0 = Debug|x64
		{2928D768-DEC3-40D3-8E51-26E364497C9B}.Release|Win32.ActiveCfg = Release|Win32
		{2928D768-DEC3-40D3-8E51-26E364497C9B}.Release|Win32.Build.0 = Release|Win32
		{2928D768-DEC3-40D3-8E51-26E364497C9B}.Release|x64.ActiveCfg = Release|x64
		{2928D768-DEC3-40D3-8E51-26E364497C9B}.Release|x64.Build.0 = Release|x64
		{1ED5782B-1734-4FC6-AA9E-F7181CDBA8A7}.Debug|Win32.ActiveCfg = Debug|Win32
		{1ED5782B-1734-4FC6-AA9E-F7181CDBA8A7}.Debug|Win32.Build.0 = Debug|Win32
		{1ED5782B-1734-4FC6-AA9E-F7181CDBA8A7}.Debug|x64.ActiveCfg = Debug|x64
		{1ED5782B-1734-4FC6-AA9E-F7181CDBA8A7}.Debug|x64.Build.0 = Debug|x64
		{1ED5782B-1734-4FC6-AA9E-F7181CDBA8A7}.Release|Win32.ActiveCfg = Release|Win32
		{1ED5782B-1734-4FC6-AA9E-F7181CDBA8A7}.Release|Win32.Build.0 = Release|Win32
		{1ED5782B-1734-4FC6-AA9E-F7181CDBA8A7}.Release|x64.ActiveCfg = Release|x64
		{1ED5782B-1734-4FC6-AA9E-F7181CDBA8A7}.Release|x64.Build.0 = Release|x64
		{83438AC3-5329-4337-89BC-5B69EBAE4B6E}.Debug|Win32.ActiveCfg = Debug|Win32
		{83438AC3-5329-4337-89BC-5B69EBAE4B6E}.Debug|Win32.Build.0 = Debug|Win32
		{83438AC3-5329-4337-89BC-5B69EBAE4B6E}.Debug|x64.ActiveCfg = Debug|x64
		{83438AC3-5329-4337-89BC-5B69EBAE4B6E}.Debug|x64.Build.0 = Debug|x64
		{83438AC3-5329-4337-89BC-5B69EBAE4B6E}.Release|Win32.ActiveCfg = Release|Win32
		{83438AC3-5329-4337-89BC-5B69EBAE4B6E}.Release|Win32.Build.0 = Release|Win32
		{83438AC3-5329-4337-89BC-5B69EBAE4B6E}.Release|x64.ActiveCfg = Release|x64
		{83438AC3-5329-4337-89BC-5B69EBAE4B6E}.Release|x64.Build.0 = Release|x64
		{78CD48D9-0B4B-43B1-A1D1-E079362B6864}.Debug|Win32.ActiveCfg = Release|Win32
		{78CD48D9-0B4B-43B1-A1D1-E079362B6864}.Debug|Win32.Build.0 = Release|Win32
		{78CD48D9-0B4B-43B1-A1D1-E079362B6864}.Debug|x64.ActiveCfg = Release|x64
		{78CD48D9-0B4B-43B1-A1D1-E079362B6864}.Debug|x64.Build.0 = Release|x64
		{78CD48D9-0B4B-43B1-A1D1-E079362B6864}.Release|Win32.ActiveCfg = Release|Win32
		{78CD48D9-0B4B-43B1-A1D1-E079362B6864}.Release|Win32.Build.0 = Release|Win32
		{78CD48D9-0B4B-43B1-A1D1-E079362B6864}.Release|x64.ActiveCfg = Release|x64
		{78CD48D9-0B4B-43B1-A1D1-E079362B6864}.Release|x64.Build.0 = Release|x64
		{ABAB0B91-91DD-4FF4-9773-18B37A820B9F}.Debug|Win32.ActiveCfg = Debug|Win32
		{ABAB0B91-91DD-4FF4-9773-18B37A820B9F}.Debug|Win32.Build.0 = Debug|Win32
		{ABAB0B91-91DD-4FF4-9773-18B37A820B9F}.Debug|x64.ActiveCfg = Debug|x64
		{ABAB0B91-91DD-4FF4-9773-18B37A820B9F}.Debug|x64.Build.0 = Debug|x64
		{ABAB0B91-91DD-4FF4-9773-18B37A820B9F}.Release|Win32.ActiveCfg = Release|Win32
		{ABAB0B91-91DD-4FF4-9773-18B37A820B9F}.Release|Win32.Build.0 = Release|Win32
		{ABAB0B91-91DD-4FF4-9773-18B37A820B9F}.Release|x64.ActiveCfg = Release|x64
		{ABAB0B91-91DD-4FF4-9773-18B37A820B9F}.Release|x64.Build.0 = Release|x64
		{BA0DBC31-5BBF-41BF-A2DB-7B6F3F71E919}.Debug|Win32.ActiveCfg = Debug|Win32
		{BA0DBC31-5BBF-41BF-A2DB-7B6F3F71E919}.Debug|Win32.Build.0 = Debug|Win32
		{BA0DBC31-5BBF-41BF-A2DB-7B6F3F71E919}.Debug|x64.ActiveCfg = Debug|x64
		{BA0DBC31-5BBF-41BF-A2DB-7B6F3F71E919}.Debug|x64.Build.0 = Debug|x64
		{BA0DBC31-5BBF-41BF-A2DB-7B6F3F71E919}.Release|Win32.ActiveCfg = Release|Win32
		{BA0DBC31-5BBF-41BF-A2DB-7B6F3F71E919}.Release|Win32.Build.0 = Release|Win32
		{BA0DBC31-5BBF-41BF-A2DB-7B6F3F71E919}.Release|x64.ActiveCfg = Release|x64
		{BA0DBC31-5BBF-41BF-A2DB-7B6F3F71E919}.Release|x64.Build.0 = Release|x64
		{92B04960-1AA9-4A7A-B75C-1403046F25B3}.Debug|Win32.ActiveCfg = Debug|Win32
		{92B04960-1AA9-4A7A-B75C-1403046F25B3}.Debug|Win32.Build.0 = Debug|Win32
		{92B04960-1AA9-4A7A-B75C-1403046F25B3}.Debug|x64.ActiveCfg = Debug|x64
		{92B04960-1AA9-4A7A-B75C-1403046F25B3}.Debug|x64.Build.0 = Debug|x64
		{92B04960-1AA9-4A7A-B75C-1403046F25B3}.Release|Win32.ActiveCfg = Release|Win32
		{92B04960-1AA9-4A7A-B75C-1403046F25B3}.Release|Win32.Build.0 = Release|Win32
		{92B04960-1AA9-4A7A-B75C-1403046F25B3}.Release|x64.ActiveCfg = Release|x64
		{92B04960-1AA9-4A7A-B75C-1403046F25B3}.Release|x64.Build.0 = Release|x64
		{D7216F25-434B-45D3-BA48-6772AF997C84}.Debug|Win32.ActiveCfg = Debug|Win32
		{D7216F25-434B-45D3-BA48-6772AF997C84}.Debug|Win32.Build.0 = Debug|Win32
		{D7216F25-434B-45D3-BA48-6772AF997C84}.Debug|x64.ActiveCfg = Debug|x64
		{D7216F25-434B-45D3-BA48-6772AF997C84}.Debug|x64.Build.0 = Debug|x64
		{D7216F25-434B-45D3-BA48-6772AF997C84}.Release|Win32.ActiveCfg = Release|Win32
		{D7216F25-434B-45D3-BA48-6772AF997C84}.Release|Win32.Build.0 = Release|Win32
		{D7216F25-434B-45D3-BA48-6772AF997C84}.Release|x64.ActiveCfg = Release|x64
		{D7216F25-434B-45D3-BA48-6772AF997C84}.Release|x64.Build.0 = Release|x64
		{7CF21BD6-659F-449C-91CB-CE52AABAD22D}.Debug|Win32.ActiveCfg = Debug|Win32
		{7CF21BD6-659F-449C-91CB-CE52AABAD22D}.Debug|Win32.Build.0 = Debug|Win32
		{7CF21BD6-659F-449C-91CB-CE52AABAD22D}.Debug|x64.ActiveCfg = Debug|x64
		{7CF21BD6-659F-449C-91CB-CE52AABAD22D}.Debug|x64.Build.0 = Debug|x64
		{7CF21BD6-659F-449C-91CB-CE52AABAD22D}.Release|Win32.ActiveCfg = Release|Win32
		{7CF21BD6-659F-449C-91CB-CE52AABAD22D}.Release|Win32.Build.0 = Release|Win32
		{7CF21BD6-659F-449C-91CB-CE52AABAD22D}.Release|x64.ActiveCfg = Release|x64
		{7CF21BD6-659F-449C-91CB-CE52AABAD22D}.Release|x64.Build.0 = Release|x64
		{A4DC7ACC-9FED-418F-92B2-6BE3EF39DC86}.Debug|Win32.ActiveCfg = Debug|Win32
		{A4DC7ACC-9FED-418F-92B2-6BE3EF39DC86}.Debug|Win32.Build.0 = Debug|Win32
		{A4DC7ACC-9FED-418F-92B2-6BE3EF39DC86}.Debug|x64.ActiveCfg = Debug|x64
		{A4DC7ACC-9FED-418F-92B2-6BE3EF39DC86}.Debug|x64.Build.0 = Debug|x64
		{A4DC7ACC-9FED-418F-92B2-6BE3EF39DC86}.Release|Win32.ActiveCfg = Release|Win32
		{A4DC7ACC-9FED-418F-92B2-6BE3EF39DC86}.Release|Win32.Build.0 = Release|Win32
		{A4DC7ACC-9FED-418F-92B2-6BE3EF39DC86}.Release|x64.ActiveCfg = Release|x64
		{A4DC7ACC-9FED-418F-92B2-6BE3EF39DC86}.Release|x64.Build.0 = Release|x64
		{384815C3-333C-4CEC-9DCD-B6AB2602EBB9}.Debug|Win32.ActiveCfg = Debug|Any CPU
		{384815C3-333C-4CEC-9DCD-B6AB2602EBB9}.Debug|Win32.Build.0 = Debug|Any CPU
		{384815C3-333C-4CEC-9DCD-B6AB2602EBB9}.Debug|x64.ActiveCfg = Debug|Any CPU
		{384815C3-333C-4CEC-9DCD-B6AB2602EBB9}.Debug|x64.Build.0 = Debug|Any CPU
		{384815C3-333C-4CEC-9DCD-B6AB2602EBB9}.Release|Win32.ActiveCfg = Debug|Any CPU
		{384815C3-333C-4CEC-9DCD-B6AB2602EBB9}.Release|Win32.Build.0 = Debug|Any CPU
		{384815C3-333C-4CEC-9DCD-B6AB2602EBB9}.Release|x64.ActiveCfg = Debug|Any CPU
		{384815C3-333C-4CEC-9DCD-B6AB2602EBB9}.Release|x64.Build.0 = Debug|Any CPU
		{CF2B20BF-9799-40EF-A987-9E4C25E68E1C}.Debug|Win32.ActiveCfg = Release|Win32
		{CF2B20BF-9799-40EF-A987-9E4C25E68E1C}.Debug|Win32.Build.0 = Release|Win32
		{CF2B20BF-9799-40EF-A987-9E4C25E68E1C}.Debug|x64.ActiveCfg = Release|x64
		{CF2B20BF-9799-40EF-A987-9E4C25E68E1C}.Release|Win32.ActiveCfg = Release|Win32
		{CF2B20BF-9799-40EF-A987-9E4C25E68E1C}.Release|Win32.Build.0 = Release|Win32
		{CF2B20BF-9799-40EF-A987-9E4C25E68E1C}.Release|x64.ActiveCfg = Release|x64
		{CF2B20BF-9799-40EF-A987-9E4C25E68E1C}.Release|x64.Build.0 = Release|x64
		{F2C40D5C-1C86-43D8-B3FE-8E8F8B488432}.Debug|Win32.ActiveCfg = Debug|Win32
		{F2C40D5C-1C86-43D8-B3FE-8E8F8B488432}.Debug|Win32.Build.0 = Debug|Win32
		{F2C40D5C-1C86-43D8-B3FE-8E8F8B488432}.Debug|x64.ActiveCfg = Release|Win32
		{F2C40D5C-1C86-43D8-B3FE-8E8F8B488432}.Release|Win32.ActiveCfg = Release|Win32
		{F2C40D5C-1C86-43D8-B3FE-8E8F8B488432}.Release|Win32.Build.0 = Release|Win32
		{F2C40D5C-1C86-43D8-B3FE-8E8F8B488432}.Release|x64.ActiveCfg = Release|Win32
		{1F58A797-A861-4256-9262-CE97B923016B}.Debug|Win32.ActiveCfg = Debug|Win32
		{1F58A797-A861-4256-9262-CE97B923016B}.Debug|Win32.Build.0 = Debug|Win32
		{1F58A797-A861-4256-9262-CE97B923016B}.Debug|x64.ActiveCfg = Debug|Win32
		{1F58A797-A861-4256-9262-CE97B923016B}.Release|Win32.ActiveCfg = Release|Win32
		{1F58A797-A861-4256-9262-CE97B923016B}.Release|Win32.Build.0 = Release|Win32
		{1F58A797-A861-4256-9262-CE97B923016B}.Release|x64.ActiveCfg = Release|Win32
		{717B8D7F-9C93-4713-9A23-8CE70A31FD39}.Debug|Win32.ActiveCfg = Release|Win32
		{717B8D7F-9C93-4713-9A23-8CE70A31FD39}.Debug|x64.ActiveCfg = Release|x64
		{717B8D7F-9C93-4713-9A23-8CE70A31FD39}.Release|Win32.ActiveCfg = Release|Win32
		{717B8D7F-9C93-4713-9A23-8CE70A31FD39}.Release|x64.ActiveCfg = Release|x64
		{58FEB572-E43A-439E-9A2C-E19DE3CB1401}.Debug|Win32.ActiveCfg = Debug|Win32
		{58FEB572-E43A-439E-9A2C-E19DE3CB1401}.Debug|Win32.Build.0 = Debug|Win32
		{58FEB572-E43A-439E-9A2C-E19DE3CB1401}.Debug|x64.ActiveCfg = Debug|x64
		{58FEB572-E43A-439E-9A2C-E19DE3CB1401}.Debug|x64.Build.0 = Debug|x64
		{58FEB572-E43A-439E-9A2C-E19DE3CB1401}.Release|Win32.ActiveCfg = Release|Win32
		{58FEB572-E43A-439E-9A2C-E19DE3CB1401}.Release|Win32.Build.0 = Release|Win32
		{58FEB572-E43A-439E-9A2C-E19DE3CB1401}.Release|x64.ActiveCfg = Release|x64
		{58FEB572-E43A-439E-9A2C-E19DE3CB1401}.Release|x64.Build.0 = Release|x64
		{F7679B65-2FEC-469A-8BAC-B07BF4439422}.Debug|Win32.ActiveCfg = Release|Win32
		{F7679B65-2FEC-469A-8BAC-B07BF4439422}.Debug|x64.ActiveCfg = Release|x64
		{F7679B65-2FEC-469A-8BAC-B07BF4439422}.Release|Win32.ActiveCfg = Release|Win32
		{F7679B65-2FEC-469A-8BAC-B07BF4439422}.Release|x64.ActiveCfg = Release|x64
		{94CA5DD2-1543-42F6-9F96-EE7694DDC837}.Debug|Win32.ActiveCfg = Release|Win32
		{94CA5DD2-1543-42F6-9F96-EE7694DDC837}.Debug|x64.ActiveCfg = Release|x64
		{94CA5DD2-1543-42F6-9F96-EE7694DDC837}.Release|Win32.ActiveCfg = Release|Win32
		{94CA5DD2-1543-42F6-9F96-EE7694DDC837}.Release|x64.ActiveCfg = Release|x64
		{DB2A0C4F-D685-41DD-91BA-06E9EEA381CF}.Debug|Win32.ActiveCfg = Debug|Win32
		{DB2A0C4F-D685-41DD-91BA-06E9EEA381CF}.Debug|x64.ActiveCfg = Debug|x64
		{DB2A0C4F-D685-41DD-91BA-06E9EEA381CF}.Release|Win32.ActiveCfg = Release|Win32
		{DB2A0C4F-D685-41DD-91BA-06E9EEA381CF}.Release|x64.ActiveCfg = Release|x64
	EndGlobalSection
	GlobalSection(SolutionProperties) = preSolution
		HideSolutionNode = FALSE
	EndGlobalSection
	GlobalSection(NestedProjects) = preSolution
		{140CBADC-7522-4B52-B06A-A4781A9C9DF2} = {C17FED94-2864-4C4A-8A8F-80555FEEB5E3}
		{ECFF92D4-8F03-4DDF-ACEF-9A68589BC282} = {C17FED94-2864-4C4A-8A8F-80555FEEB5E3}
		{234994FD-5966-4CFE-AC38-960DE089FBED} = {140CBADC-7522-4B52-B06A-A4781A9C9DF2}
		{90A585CD-2B00-47F3-8F65-FE091B154AB3} = {ECFF92D4-8F03-4DDF-ACEF-9A68589BC282}
		{F5F7EE7B-3207-4ACD-804B-1423BCB25285} = {ECFF92D4-8F03-4DDF-ACEF-9A68589BC282}
		{979EF6E9-A263-4E9B-964C-DE72344DFB13} = {90A585CD-2B00-47F3-8F65-FE091B154AB3}
		{7DE9E590-6189-4570-A451-2584E655A539} = {90A585CD-2B00-47F3-8F65-FE091B154AB3}
		{696A5B66-04A7-4CE8-A31C-E05026846B5C} = {90A585CD-2B00-47F3-8F65-FE091B154AB3}
		{1AFACDF7-7ECE-42D3-A3BD-563025F247D7} = {90A585CD-2B00-47F3-8F65-FE091B154AB3}
	EndGlobalSection
EndGlobal
